# This file is autogenerated, do not edit; changes may be undone by the next 'dep ensure'.


[[projects]]
  branch = "master"
  name = "github.com/1and1internet/configurability"
  packages = [
    "file_helpers",
    "plugins"
  ]
  revision = "bb7cb426746bbe07a81c6d03e29348c45d80e729"

[[projects]]
  name = "github.com/go-ini/ini"
  packages = ["."]
  revision = "5e9692864e22d02ac79e2fa499cffb00520b4fea"
  version = "v1.34.0"

[[projects]]
  name = "gopkg.in/yaml.v2"
  packages = ["."]
  revision = "5420a8b6744d3b0345ab293f6fcba19c978f1183"
  version = "v2.2.1"

[solve-meta]
  analyzer-name = "dep"
  analyzer-version = 1
  inputs-digest = "92848fa972f32aa0b9b9640ff62b6d32f65a5cc8f2aa0f550b11a6408c8d1a26"
  solver-name = "gps-cdcl"
  solver-version = 1
