# This file is autogenerated, do not edit; changes may be undone by the next 'dep ensure'.


[[projects]]
  name = "github.com/go-ini/ini"
  packages = ["."]
  revision = "5e9692864e22d02ac79e2fa499cffb00520b4fea"
  version = "v1.34.0"

[[projects]]
  name = "gopkg.in/yaml.v2"
  packages = ["."]
  revision = "5420a8b6744d3b0345ab293f6fcba19c978f1183"
  version = "v2.2.1"

[solve-meta]
  analyzer-name = "dep"
  analyzer-version = 1
  inputs-digest = "019d0426c0a381284a658ee8c8ede3c9fa36a67f44d76e4d4c353ba86de999c1"
  solver-name = "gps-cdcl"
  solver-version = 1
